
Microsoft Visual Studio Solution File, Format Version 12.00
# Visual Studio Version 17
VisualStudioVersion = 17.7.34202.233
MinimumVisualStudioVersion = 10.0.40219.1
Project("{FAE04EC0-301F-11D3-BF4B-00C04F79EFBC}") = "Tic-Tac-Toe-Gui", "Tic-Tac-Toe-Gui.csproj", "{CA3AA6EC-EC27-43E2-8A74-85B649334319}"
EndProject
Global
	GlobalSection(SolutionConfigurationPlatforms) = preSolution
		Debug|ARM64 = Debug|ARM64
		Debug|x64 = Debug|x64
		Debug|x86 = Debug|x86
		Release|ARM64 = Release|ARM64
		Release|x64 = Release|x64
		Release|x86 = Release|x86
	EndGlobalSection
	GlobalSection(ProjectConfigurationPlatforms) = postSolution
		{CA3AA6EC-EC27-43E2-8A74-85B649334319}.Debug|ARM64.ActiveCfg = Debug|ARM64
		{CA3AA6EC-EC27-43E2-8A74-85B649334319}.Debug|ARM64.Build.0 = Debug|ARM64
		{CA3AA6EC-EC27-43E2-8A74-85B649334319}.Debug|ARM64.Deploy.0 = Debug|ARM64
		{CA3AA6EC-EC27-43E2-8A74-85B649334319}.Debug|x64.ActiveCfg = Debug|x64
		{CA3AA6EC-EC27-43E2-8A74-85B649334319}.Debug|x64.Build.0 = Debug|x64
		{CA3AA6EC-EC27-43E2-8A74-85B649334319}.Debug|x64.Deploy.0 = Debug|x64
		{CA3AA6EC-EC27-43E2-8A74-85B649334319}.Debug|x86.ActiveCfg = Debug|x86
		{CA3AA6EC-EC27-43E2-8A74-85B649334319}.Debug|x86.Build.0 = Debug|x86
		{CA3AA6EC-EC27-43E2-8A74-85B649334319}.Debug|x86.Deploy.0 = Debug|x86
		{CA3AA6EC-EC27-43E2-8A74-85B649334319}.Release|ARM64.ActiveCfg = Release|ARM64
		{CA3AA6EC-EC27-43E2-8A74-85B649334319}.Release|ARM64.Build.0 = Release|ARM64
		{CA3AA6EC-EC27-43E2-8A74-85B649334319}.Release|ARM64.Deploy.0 = Release|ARM64
		{CA3AA6EC-EC27-43E2-8A74-85B649334319}.Release|x64.ActiveCfg = Release|x64
		{CA3AA6EC-EC27-43E2-8A74-85B649334319}.Release|x64.Build.0 = Release|x64
		{CA3AA6EC-EC27-43E2-8A74-85B649334319}.Release|x64.Deploy.0 = Release|x64
		{CA3AA6EC-EC27-43E2-8A74-85B649334319}.Release|x86.ActiveCfg = Release|x86
		{CA3AA6EC-EC27-43E2-8A74-85B649334319}.Release|x86.Build.0 = Release|x86
		{CA3AA6EC-EC27-43E2-8A74-85B649334319}.Release|x86.Deploy.0 = Release|x86
	EndGlobalSection
	GlobalSection(SolutionProperties) = preSolution
		HideSolutionNode = FALSE
	EndGlobalSection
	GlobalSection(ExtensibilityGlobals) = postSolution
		SolutionGuid = {179A2053-8D89-4EDF-BEF4-1192515A1D2A}
	EndGlobalSection
EndGlobal
